
Microsoft Visual Studio Solution File, Format Version 12.00
# Visual Studio Version 17
VisualStudioVersion = 17.2.32526.322
MinimumVisualStudioVersion = 10.0.40219.1
Project("{FAE04EC0-301F-11D3-BF4B-00C04F79EFBC}") = "TodoApp", "TodoApp\TodoApp.csproj", "{B5350E1D-3BE9-4199-8B18-3A4D5A0E0DFA}"
EndProject
Global
	GlobalSection(SolutionConfigurationPlatforms) = preSolution
		Debug|Any CPU = Debug|Any CPU
		Release|Any CPU = Release|Any CPU
	EndGlobalSection
	GlobalSection(ProjectConfigurationPlatforms) = postSolution
		{B5350E1D-3BE9-4199-8B18-3A4D5A0E0DFA}.Debug|Any CPU.ActiveCfg = Debug|Any CPU
		{B5350E1D-3BE9-4199-8B18-3A4D5A0E0DFA}.Debug|Any CPU.Build.0 = Debug|Any CPU
		{B5350E1D-3BE9-4199-8B18-3A4D5A0E0DFA}.Release|Any CPU.ActiveCfg = Release|Any CPU
		{B5350E1D-3BE9-4199-8B18-3A4D5A0E0DFA}.Release|Any CPU.Build.0 = Release|Any CPU
	EndGlobalSection
	GlobalSection(SolutionProperties) = preSolution
		HideSolutionNode = FALSE
	EndGlobalSection
	GlobalSection(ExtensibilityGlobals) = postSolution
		SolutionGuid = {0D670090-837A-4899-B05E-B3307F31A681}
	EndGlobalSection
EndGlobal
